// !$*UTF8*$!
{
	archiveVersion = 1;
	classes = {
	};
	objectVersion = 46;
	objects = {

/* Begin PBXBuildFile section */
		81120A61194298A4007494EC /* Foundation.framework in Frameworks */ = {isa = PBXBuildFile; fileRef = 81120A60194298A4007494EC /* Foundation.framework */; };
		81120A63194298A4007494EC /* CoreGraphics.framework in Frameworks */ = {isa = PBXBuildFile; fileRef = 81120A62194298A4007494EC /* CoreGraphics.framework */; };
		81120A65194298A4007494EC /* UIKit.framework in Frameworks */ = {isa = PBXBuildFile; fileRef = 81120A64194298A4007494EC /* UIKit.framework */; };
		81120A6B194298A4007494EC /* InfoPlist.strings in Resources */ = {isa = PBXBuildFile; fileRef = 81120A69194298A4007494EC /* InfoPlist.strings */; };
		81120A6D194298A4007494EC /* main.m in Sources */ = {isa = PBXBuildFile; fileRef = 81120A6C194298A4007494EC /* main.m */; };
		81120A71194298A4007494EC /* AppDelegate.m in Sources */ = {isa = PBXBuildFile; fileRef = 81120A70194298A4007494EC /* AppDelegate.m */; };
		81120A74194298A4007494EC /* Main_iPhone.storyboard in Resources */ = {isa = PBXBuildFile; fileRef = 81120A72194298A4007494EC /* Main_iPhone.storyboard */; };
		81120A77194298A4007494EC /* Main_iPad.storyboard in Resources */ = {isa = PBXBuildFile; fileRef = 81120A75194298A4007494EC /* Main_iPad.storyboard */; };
		81120A7A194298A4007494EC /* ViewController.m in Sources */ = {isa = PBXBuildFile; fileRef = 81120A79194298A4007494EC /* ViewController.m */; };
		81120A7C194298A4007494EC /* Images.xcassets in Resources */ = {isa = PBXBuildFile; fileRef = 81120A7B194298A4007494EC /* Images.xcassets */; };
		81120A83194298A4007494EC /* XCTest.framework in Frameworks */ = {isa = PBXBuildFile; fileRef = 81120A82194298A4007494EC /* XCTest.framework */; };
		81120A84194298A4007494EC /* Foundation.framework in Frameworks */ = {isa = PBXBuildFile; fileRef = 81120A60194298A4007494EC /* Foundation.framework */; };
		81120A85194298A4007494EC /* UIKit.framework in Frameworks */ = {isa = PBXBuildFile; fileRef = 81120A64194298A4007494EC /* UIKit.framework */; };
		81120A8D194298A4007494EC /* InfoPlist.strings in Resources */ = {isa = PBXBuildFile; fileRef = 81120A8B194298A4007494EC /* InfoPlist.strings */; };
		81120A8F194298A4007494EC /* MiReplicaMasterDetailAppTests.m in Sources */ = {isa = PBXBuildFile; fileRef = 81120A8E194298A4007494EC /* MiReplicaMasterDetailAppTests.m */; };
/* End PBXBuildFile section */

/* Begin PBXContainerItemProxy section */
		81120A86194298A4007494EC /* PBXContainerItemProxy */ = {
			isa = PBXContainerItemProxy;
			containerPortal = 81120A55194298A4007494EC /* Project object */;
			proxyType = 1;
			remoteGlobalIDString = 81120A5C194298A4007494EC;
			remoteInfo = MiReplicaMasterDetailApp;
		};
/* End PBXContainerItemProxy section */

/* Begin PBXFileReference section */
		81120A5D194298A4007494EC /* MiReplicaMasterDetailApp.app */ = {isa = PBXFileReference; explicitFileType = wrapper.application; includeInIndex = 0; path = MiReplicaMasterDetailApp.app; sourceTree = BUILT_PRODUCTS_DIR; };
		81120A60194298A4007494EC /* Foundation.framework */ = {isa = PBXFileReference; lastKnownFileType = wrapper.framework; name = Foundation.framework; path = System/Library/Frameworks/Foundation.framework; sourceTree = SDKROOT; };
		81120A62194298A4007494EC /* CoreGraphics.framework */ = {isa = PBXFileReference; lastKnownFileType = wrapper.framework; name = CoreGraphics.framework; path = System/Library/Frameworks/CoreGraphics.framework; sourceTree = SDKROOT; };
		81120A64194298A4007494EC /* UIKit.framework */ = {isa = PBXFileReference; lastKnownFileType = wrapper.framework; name = UIKit.framework; path = System/Library/Frameworks/UIKit.framework; sourceTree = SDKROOT; };
		81120A68194298A4007494EC /* MiReplicaMasterDetailApp-Info.plist */ = {isa = PBXFileReference; lastKnownFileType = text.plist.xml; path = "MiReplicaMasterDetailApp-Info.plist"; sourceTree = "<group>"; };
		81120A6A194298A4007494EC /* en */ = {isa = PBXFileReference; lastKnownFileType = text.plist.strings; name = en; path = en.lproj/InfoPlist.strings; sourceTree = "<group>"; };
		81120A6C194298A4007494EC /* main.m */ = {isa = PBXFileReference; lastKnownFileType = sourcecode.c.objc; path = main.m; sourceTree = "<group>"; };
		81120A6E194298A4007494EC /* MiReplicaMasterDetailApp-Prefix.pch */ = {isa = PBXFileReference; lastKnownFileType = sourcecode.c.h; path = "MiReplicaMasterDetailApp-Prefix.pch"; sourceTree = "<group>"; };
		81120A6F194298A4007494EC /* AppDelegate.h */ = {isa = PBXFileReference; lastKnownFileType = sourcecode.c.h; path = AppDelegate.h; sourceTree = "<group>"; };
		81120A70194298A4007494EC /* AppDelegate.m */ = {isa = PBXFileReference; lastKnownFileType = sourcecode.c.objc; path = AppDelegate.m; sourceTree = "<group>"; };
		81120A73194298A4007494EC /* Base */ = {isa = PBXFileReference; lastKnownFileType = file.storyboard; name = Base; path = Base.lproj/Main_iPhone.storyboard; sourceTree = "<group>"; };
		81120A76194298A4007494EC /* Base */ = {isa = PBXFileReference; lastKnownFileType = file.storyboard; name = Base; path = Base.lproj/Main_iPad.storyboard; sourceTree = "<group>"; };
		81120A78194298A4007494EC /* ViewController.h */ = {isa = PBXFileReference; lastKnownFileType = sourcecode.c.h; path = ViewController.h; sourceTree = "<group>"; };
		81120A79194298A4007494EC /* ViewController.m */ = {isa = PBXFileReference; lastKnownFileType = sourcecode.c.objc; path = ViewController.m; sourceTree = "<group>"; };
		81120A7B194298A4007494EC /* Images.xcassets */ = {isa = PBXFileReference; lastKnownFileType = folder.assetcatalog; path = Images.xcassets; sourceTree = "<group>"; };
		81120A81194298A4007494EC /* MiReplicaMasterDetailAppTests.xctest */ = {isa = PBXFileReference; explicitFileType = wrapper.cfbundle; includeInIndex = 0; path = MiReplicaMasterDetailAppTests.xctest; sourceTree = BUILT_PRODUCTS_DIR; };
		81120A82194298A4007494EC /* XCTest.framework */ = {isa = PBXFileReference; lastKnownFileType = wrapper.framework; name = XCTest.framework; path = Library/Frameworks/XCTest.framework; sourceTree = DEVELOPER_DIR; };
		81120A8A194298A4007494EC /* MiReplicaMasterDetailAppTests-Info.plist */ = {isa = PBXFileReference; lastKnownFileType = text.plist.xml; path = "MiReplicaMasterDetailAppTests-Info.plist"; sourceTree = "<group>"; };
		81120A8C194298A4007494EC /* en */ = {isa = PBXFileReference; lastKnownFileType = text.plist.strings; name = en; path = en.lproj/InfoPlist.strings; sourceTree = "<group>"; };
		81120A8E194298A4007494EC /* MiReplicaMasterDetailAppTests.m */ = {isa = PBXFileReference; lastKnownFileType = sourcecode.c.objc; path = MiReplicaMasterDetailAppTests.m; sourceTree = "<group>"; };
/* End PBXFileReference section */

/* Begin PBXFrameworksBuildPhase section */
		81120A5A194298A4007494EC /* Frameworks */ = {
			isa = PBXFrameworksBuildPhase;
			buildActionMask = 2147483647;
			files = (
				81120A63194298A4007494EC /* CoreGraphics.framework in Frameworks */,
				81120A65194298A4007494EC /* UIKit.framework in Frameworks */,
				81120A61194298A4007494EC /* Foundation.framework in Frameworks */,
			);
			runOnlyForDeploymentPostprocessing = 0;
		};
		81120A7E194298A4007494EC /* Frameworks */ = {
			isa = PBXFrameworksBuildPhase;
			buildActionMask = 2147483647;
			files = (
				81120A83194298A4007494EC /* XCTest.framework in Frameworks */,
				81120A85194298A4007494EC /* UIKit.framework in Frameworks */,
				81120A84194298A4007494EC /* Foundation.framework in Frameworks */,
			);
			runOnlyForDeploymentPostprocessing = 0;
		};
/* End PBXFrameworksBuildPhase section */

/* Begin PBXGroup section */
		81120A54194298A4007494EC = {
			isa = PBXGroup;
			children = (
				81120A66194298A4007494EC /* MiReplicaMasterDetailApp */,
				81120A88194298A4007494EC /* MiReplicaMasterDetailAppTests */,
				81120A5F194298A4007494EC /* Frameworks */,
				81120A5E194298A4007494EC /* Products */,
			);
			sourceTree = "<group>";
		};
		81120A5E194298A4007494EC /* Products */ = {
			isa = PBXGroup;
			children = (
				81120A5D194298A4007494EC /* MiReplicaMasterDetailApp.app */,
				81120A81194298A4007494EC /* MiReplicaMasterDetailAppTests.xctest */,
			);
			name = Products;
			sourceTree = "<group>";
		};
		81120A5F194298A4007494EC /* Frameworks */ = {
			isa = PBXGroup;
			children = (
				81120A60194298A4007494EC /* Foundation.framework */,
				81120A62194298A4007494EC /* CoreGraphics.framework */,
				81120A64194298A4007494EC /* UIKit.framework */,
				81120A82194298A4007494EC /* XCTest.framework */,
			);
			name = Frameworks;
			sourceTree = "<group>";
		};
		81120A66194298A4007494EC /* MiReplicaMasterDetailApp */ = {
			isa = PBXGroup;
			children = (
				81120A6F194298A4007494EC /* AppDelegate.h */,
				81120A70194298A4007494EC /* AppDelegate.m */,
				81120A72194298A4007494EC /* Main_iPhone.storyboard */,
				81120A75194298A4007494EC /* Main_iPad.storyboard */,
				81120A78194298A4007494EC /* ViewController.h */,
				81120A79194298A4007494EC /* ViewController.m */,
				81120A7B194298A4007494EC /* Images.xcassets */,
				81120A67194298A4007494EC /* Supporting Files */,
			);
			path = MiReplicaMasterDetailApp;
			sourceTree = "<group>";
		};
		81120A67194298A4007494EC /* Supporting Files */ = {
			isa = PBXGroup;
			children = (
				81120A68194298A4007494EC /* MiReplicaMasterDetailApp-Info.plist */,
				81120A69194298A4007494EC /* InfoPlist.strings */,
				81120A6C194298A4007494EC /* main.m */,
				81120A6E194298A4007494EC /* MiReplicaMasterDetailApp-Prefix.pch */,
			);
			name = "Supporting Files";
			sourceTree = "<group>";
		};
		81120A88194298A4007494EC /* MiReplicaMasterDetailAppTests */ = {
			isa = PBXGroup;
			children = (
				81120A8E194298A4007494EC /* MiReplicaMasterDetailAppTests.m */,
				81120A89194298A4007494EC /* Supporting Files */,
			);
			path = MiReplicaMasterDetailAppTests;
			sourceTree = "<group>";
		};
		81120A89194298A4007494EC /* Supporting Files */ = {
			isa = PBXGroup;
			children = (
				81120A8A194298A4007494EC /* MiReplicaMasterDetailAppTests-Info.plist */,
				81120A8B194298A4007494EC /* InfoPlist.strings */,
			);
			name = "Supporting Files";
			sourceTree = "<group>";
		};
/* End PBXGroup section */

/* Begin PBXNativeTarget section */
		81120A5C194298A4007494EC /* MiReplicaMasterDetailApp */ = {
			isa = PBXNativeTarget;
			buildConfigurationList = 81120A92194298A4007494EC /* Build configuration list for PBXNativeTarget "MiReplicaMasterDetailApp" */;
			buildPhases = (
				81120A59194298A4007494EC /* Sources */,
				81120A5A194298A4007494EC /* Frameworks */,
				81120A5B194298A4007494EC /* Resources */,
			);
			buildRules = (
			);
			dependencies = (
			);
			name = MiReplicaMasterDetailApp;
			productName = MiReplicaMasterDetailApp;
			productReference = 81120A5D194298A4007494EC /* MiReplicaMasterDetailApp.app */;
			productType = "com.apple.product-type.application";
		};
		81120A80194298A4007494EC /* MiReplicaMasterDetailAppTests */ = {
			isa = PBXNativeTarget;
			buildConfigurationList = 81120A95194298A4007494EC /* Build configuration list for PBXNativeTarget "MiReplicaMasterDetailAppTests" */;
			buildPhases = (
				81120A7D194298A4007494EC /* Sources */,
				81120A7E194298A4007494EC /* Frameworks */,
				81120A7F194298A4007494EC /* Resources */,
			);
			buildRules = (
			);
			dependencies = (
				81120A87194298A4007494EC /* PBXTargetDependency */,
			);
			name = MiReplicaMasterDetailAppTests;
			productName = MiReplicaMasterDetailAppTests;
			productReference = 81120A81194298A4007494EC /* MiReplicaMasterDetailAppTests.xctest */;
			productType = "com.apple.product-type.bundle.unit-test";
		};
/* End PBXNativeTarget section */

/* Begin PBXProject section */
		81120A55194298A4007494EC /* Project object */ = {
			isa = PBXProject;
			attributes = {
				LastUpgradeCheck = 0500;
				ORGANIZATIONNAME = Area51;
				TargetAttributes = {
					81120A80194298A4007494EC = {
						TestTargetID = 81120A5C194298A4007494EC;
					};
				};
			};
			buildConfigurationList = 81120A58194298A4007494EC /* Build configuration list for PBXProject "MiReplicaMasterDetailApp" */;
			compatibilityVersion = "Xcode 3.2";
			developmentRegion = English;
			hasScannedForEncodings = 0;
			knownRegions = (
				en,
				Base,
			);
			mainGroup = 81120A54194298A4007494EC;
			productRefGroup = 81120A5E194298A4007494EC /* Products */;
			projectDirPath = "";
			projectRoot = "";
			targets = (
				81120A5C194298A4007494EC /* MiReplicaMasterDetailApp */,
				81120A80194298A4007494EC /* MiReplicaMasterDetailAppTests */,
			);
		};
/* End PBXProject section */

/* Begin PBXResourcesBuildPhase section */
		81120A5B194298A4007494EC /* Resources */ = {
			isa = PBXResourcesBuildPhase;
			buildActionMask = 2147483647;
			files = (
				81120A77194298A4007494EC /* Main_iPad.storyboard in Resources */,
				81120A7C194298A4007494EC /* Images.xcassets in Resources */,
				81120A74194298A4007494EC /* Main_iPhone.storyboard in Resources */,
				81120A6B194298A4007494EC /* InfoPlist.strings in Resources */,
			);
			runOnlyForDeploymentPostprocessing = 0;
		};
		81120A7F194298A4007494EC /* Resources */ = {
			isa = PBXResourcesBuildPhase;
			buildActionMask = 2147483647;
			files = (
				81120A8D194298A4007494EC /* InfoPlist.strings in Resources */,
			);
			runOnlyForDeploymentPostprocessing = 0;
		};
/* End PBXResourcesBuildPhase section */

/* Begin PBXSourcesBuildPhase section */
		81120A59194298A4007494EC /* Sources */ = {
			isa = PBXSourcesBuildPhase;
			buildActionMask = 2147483647;
			files = (
				81120A7A194298A4007494EC /* ViewController.m in Sources */,
				81120A71194298A4007494EC /* AppDelegate.m in Sources */,
				81120A6D194298A4007494EC /* main.m in Sources */,
			);
			runOnlyForDeploymentPostprocessing = 0;
		};
		81120A7D194298A4007494EC /* Sources */ = {
			isa = PBXSourcesBuildPhase;
			buildActionMask = 2147483647;
			files = (
				81120A8F194298A4007494EC /* MiReplicaMasterDetailAppTests.m in Sources */,
			);
			runOnlyForDeploymentPostprocessing = 0;
		};
/* End PBXSourcesBuildPhase section */

/* Begin PBXTargetDependency section */
		81120A87194298A4007494EC /* PBXTargetDependency */ = {
			isa = PBXTargetDependency;
			target = 81120A5C194298A4007494EC /* MiReplicaMasterDetailApp */;
			targetProxy = 81120A86194298A4007494EC /* PBXContainerItemProxy */;
		};
/* End PBXTargetDependency section */

/* Begin PBXVariantGroup section */
		81120A69194298A4007494EC /* InfoPlist.strings */ = {
			isa = PBXVariantGroup;
			children = (
				81120A6A194298A4007494EC /* en */,
			);
			name = InfoPlist.strings;
			sourceTree = "<group>";
		};
		81120A72194298A4007494EC /* Main_iPhone.storyboard */ = {
			isa = PBXVariantGroup;
			children = (
				81120A73194298A4007494EC /* Base */,
			);
			name = Main_iPhone.storyboard;
			sourceTree = "<group>";
		};
		81120A75194298A4007494EC /* Main_iPad.storyboard */ = {
			isa = PBXVariantGroup;
			children = (
				81120A76194298A4007494EC /* Base */,
			);
			name = Main_iPad.storyboard;
			sourceTree = "<group>";
		};
		81120A8B194298A4007494EC /* InfoPlist.strings */ = {
			isa = PBXVariantGroup;
			children = (
				81120A8C194298A4007494EC /* en */,
			);
			name = InfoPlist.strings;
			sourceTree = "<group>";
		};
/* End PBXVariantGroup section */

/* Begin XCBuildConfiguration section */
		81120A90194298A4007494EC /* Debug */ = {
			isa = XCBuildConfiguration;
			buildSettings = {
				ALWAYS_SEARCH_USER_PATHS = NO;
				ARCHS = "$(ARCHS_STANDARD_INCLUDING_64_BIT)";
				CLANG_CXX_LANGUAGE_STANDARD = "gnu++0x";
				CLANG_CXX_LIBRARY = "libc++";
				CLANG_ENABLE_MODULES = YES;
				CLANG_ENABLE_OBJC_ARC = YES;
				CLANG_WARN_BOOL_CONVERSION = YES;
				CLANG_WARN_CONSTANT_CONVERSION = YES;
				CLANG_WARN_DIRECT_OBJC_ISA_USAGE = YES_ERROR;
				CLANG_WARN_EMPTY_BODY = YES;
				CLANG_WARN_ENUM_CONVERSION = YES;
				CLANG_WARN_INT_CONVERSION = YES;
				CLANG_WARN_OBJC_ROOT_CLASS = YES_ERROR;
				CLANG_WARN__DUPLICATE_METHOD_MATCH = YES;
				"CODE_SIGN_IDENTITY[sdk=iphoneos*]" = "iPhone Developer";
				COPY_PHASE_STRIP = NO;
				GCC_C_LANGUAGE_STANDARD = gnu99;
				GCC_DYNAMIC_NO_PIC = NO;
				GCC_OPTIMIZATION_LEVEL = 0;
				GCC_PREPROCESSOR_DEFINITIONS = (
					"DEBUG=1",
					"$(inherited)",
				);
				GCC_SYMBOLS_PRIVATE_EXTERN = NO;
				GCC_WARN_64_TO_32_BIT_CONVERSION = YES;
				GCC_WARN_ABOUT_RETURN_TYPE = YES_ERROR;
				GCC_WARN_UNDECLARED_SELECTOR = YES;
				GCC_WARN_UNINITIALIZED_AUTOS = YES;
				GCC_WARN_UNUSED_FUNCTION = YES;
				GCC_WARN_UNUSED_VARIABLE = YES;
				IPHONEOS_DEPLOYMENT_TARGET = 7.0;
				ONLY_ACTIVE_ARCH = YES;
				SDKROOT = iphoneos;
				TARGETED_DEVICE_FAMILY = "1,2";
			};
			name = Debug;
		};
		81120A91194298A4007494EC /* Release */ = {
			isa = XCBuildConfiguration;
			buildSettings = {
				ALWAYS_SEARCH_USER_PATHS = NO;
				ARCHS = "$(ARCHS_STANDARD_INCLUDING_64_BIT)";
				CLANG_CXX_LANGUAGE_STANDARD = "gnu++0x";
				CLANG_CXX_LIBRARY = "libc++";
				CLANG_ENABLE_MODULES = YES;
				CLANG_ENABLE_OBJC_ARC = YES;
				CLANG_WARN_BOOL_CONVERSION = YES;
				CLANG_WARN_CONSTANT_CONVERSION = YES;
				CLANG_WARN_DIRECT_OBJC_ISA_USAGE = YES_ERROR;
				CLANG_WARN_EMPTY_BODY = YES;
				CLANG_WARN_ENUM_CONVERSION = YES;
				CLANG_WARN_INT_CONVERSION = YES;
				CLANG_WARN_OBJC_ROOT_CLASS = YES_ERROR;
				CLANG_WARN__DUPLICATE_METHOD_MATCH = YES;
				"CODE_SIGN_IDENTITY[sdk=iphoneos*]" = "iPhone Developer";
				COPY_PHASE_STRIP = YES;
				ENABLE_NS_ASSERTIONS = NO;
				GCC_C_LANGUAGE_STANDARD = gnu99;
				GCC_WARN_64_TO_32_BIT_CONVERSION = YES;
				GCC_WARN_ABOUT_RETURN_TYPE = YES_ERROR;
				GCC_WARN_UNDECLARED_SELECTOR = YES;
				GCC_WARN_UNINITIALIZED_AUTOS = YES;
				GCC_WARN_UNUSED_FUNCTION = YES;
				GCC_WARN_UNUSED_VARIABLE = YES;
				IPHONEOS_DEPLOYMENT_TARGET = 7.0;
				SDKROOT = iphoneos;
				TARGETED_DEVICE_FAMILY = "1,2";
				VALIDATE_PRODUCT = YES;
			};
			name = Release;
		};
		81120A93194298A4007494EC /* Debug */ = {
			isa = XCBuildConfiguration;
			buildSettings = {
				ASSETCATALOG_COMPILER_APPICON_NAME = AppIcon;
				ASSETCATALOG_COMPILER_LAUNCHIMAGE_NAME = LaunchImage;
				GCC_PRECOMPILE_PREFIX_HEADER = YES;
				GCC_PREFIX_HEADER = "MiReplicaMasterDetailApp/MiReplicaMasterDetailApp-Prefix.pch";
				INFOPLIST_FILE = "MiReplicaMasterDetailApp/MiReplicaMasterDetailApp-Info.plist";
				PRODUCT_NAME = "$(TARGET_NAME)";
				WRAPPER_EXTENSION = app;
			};
			name = Debug;
		};
		81120A94194298A4007494EC /* Release */ = {
			isa = XCBuildConfiguration;
			buildSettings = {
				ASSETCATALOG_COMPILER_APPICON_NAME = AppIcon;
				ASSETCATALOG_COMPILER_LAUNCHIMAGE_NAME = LaunchImage;
				GCC_PRECOMPILE_PREFIX_HEADER = YES;
				GCC_PREFIX_HEADER = "MiReplicaMasterDetailApp/MiReplicaMasterDetailApp-Prefix.pch";
				INFOPLIST_FILE = "MiReplicaMasterDetailApp/MiReplicaMasterDetailApp-Info.plist";
				PRODUCT_NAME = "$(TARGET_NAME)";
				WRAPPER_EXTENSION = app;
			};
			name = Release;
		};
		81120A96194298A4007494EC /* Debug */ = {
			isa = XCBuildConfiguration;
			buildSettings = {
				ARCHS = "$(ARCHS_STANDARD_INCLUDING_64_BIT)";
				BUNDLE_LOADER = "$(BUILT_PRODUCTS_DIR)/MiReplicaMasterDetailApp.app/MiReplicaMasterDetailApp";
				FRAMEWORK_SEARCH_PATHS = (
					"$(SDKROOT)/Developer/Library/Frameworks",
					"$(inherited)",
					"$(DEVELOPER_FRAMEWORKS_DIR)",
				);
				GCC_PRECOMPILE_PREFIX_HEADER = YES;
				GCC_PREFIX_HEADER = "MiReplicaMasterDetailApp/MiReplicaMasterDetailApp-Prefix.pch";
				GCC_PREPROCESSOR_DEFINITIONS = (
					"DEBUG=1",
					"$(inherited)",
				);
				INFOPLIST_FILE = "MiReplicaMasterDetailAppTests/MiReplicaMasterDetailAppTests-Info.plist";
				PRODUCT_NAME = "$(TARGET_NAME)";
				TEST_HOST = "$(BUNDLE_LOADER)";
				WRAPPER_EXTENSION = xctest;
			};
			name = Debug;
		};
		81120A97194298A4007494EC /* Release */ = {
			isa = XCBuildConfiguration;
			buildSettings = {
				ARCHS = "$(ARCHS_STANDARD_INCLUDING_64_BIT)";
				BUNDLE_LOADER = "$(BUILT_PRODUCTS_DIR)/MiReplicaMasterDetailApp.app/MiReplicaMasterDetailApp";
				FRAMEWORK_SEARCH_PATHS = (
					"$(SDKROOT)/Developer/Library/Frameworks",
					"$(inherited)",
					"$(DEVELOPER_FRAMEWORKS_DIR)",
				);
				GCC_PRECOMPILE_PREFIX_HEADER = YES;
				GCC_PREFIX_HEADER = "MiReplicaMasterDetailApp/MiReplicaMasterDetailApp-Prefix.pch";
				INFOPLIST_FILE = "MiReplicaMasterDetailAppTests/MiReplicaMasterDetailAppTests-Info.plist";
				PRODUCT_NAME = "$(TARGET_NAME)";
				TEST_HOST = "$(BUNDLE_LOADER)";
				WRAPPER_EXTENSION = xctest;
			};
			name = Release;
		};
/* End XCBuildConfiguration section */

/* Begin XCConfigurationList section */
		81120A58194298A4007494EC /* Build configuration list for PBXProject "MiReplicaMasterDetailApp" */ = {
			isa = XCConfigurationList;
			buildConfigurations = (
				81120A90194298A4007494EC /* Debug */,
				81120A91194298A4007494EC /* Release */,
			);
			defaultConfigurationIsVisible = 0;
			defaultConfigurationName = Release;
		};
		81120A92194298A4007494EC /* Build configuration list for PBXNativeTarget "MiReplicaMasterDetailApp" */ = {
			isa = XCConfigurationList;
			buildConfigurations = (
				81120A93194298A4007494EC /* Debug */,
				81120A94194298A4007494EC /* Release */,
			);
			defaultConfigurationIsVisible = 0;
		};
		81120A95194298A4007494EC /* Build configuration list for PBXNativeTarget "MiReplicaMasterDetailAppTests" */ = {
			isa = XCConfigurationList;
			buildConfigurations = (
				81120A96194298A4007494EC /* Debug */,
				81120A97194298A4007494EC /* Release */,
			);
			defaultConfigurationIsVisible = 0;
		};
/* End XCConfigurationList section */
	};
	rootObject = 81120A55194298A4007494EC /* Project object */;
}
