// !$*UTF8*$!
{
	archiveVersion = 1;
	classes = {
	};
	objectVersion = 46;
	objects = {

/* Begin PBXBuildFile section */
		819CDCFC194005ED0004769C /* Foundation.framework in Frameworks */ = {isa = PBXBuildFile; fileRef = 819CDCFB194005ED0004769C /* Foundation.framework */; };
		819CDCFE194005ED0004769C /* CoreGraphics.framework in Frameworks */ = {isa = PBXBuildFile; fileRef = 819CDCFD194005ED0004769C /* CoreGraphics.framework */; };
		819CDD00194005ED0004769C /* UIKit.framework in Frameworks */ = {isa = PBXBuildFile; fileRef = 819CDCFF194005ED0004769C /* UIKit.framework */; };
		819CDD06194005ED0004769C /* InfoPlist.strings in Resources */ = {isa = PBXBuildFile; fileRef = 819CDD04194005ED0004769C /* InfoPlist.strings */; };
		819CDD08194005ED0004769C /* main.m in Sources */ = {isa = PBXBuildFile; fileRef = 819CDD07194005ED0004769C /* main.m */; };
		819CDD0C194005ED0004769C /* AppDelegate.m in Sources */ = {isa = PBXBuildFile; fileRef = 819CDD0B194005ED0004769C /* AppDelegate.m */; };
		819CDD0F194005ED0004769C /* Main_iPhone.storyboard in Resources */ = {isa = PBXBuildFile; fileRef = 819CDD0D194005ED0004769C /* Main_iPhone.storyboard */; };
		819CDD12194005ED0004769C /* Main_iPad.storyboard in Resources */ = {isa = PBXBuildFile; fileRef = 819CDD10194005ED0004769C /* Main_iPad.storyboard */; };
		819CDD15194005ED0004769C /* ViewController.m in Sources */ = {isa = PBXBuildFile; fileRef = 819CDD14194005ED0004769C /* ViewController.m */; };
		819CDD17194005ED0004769C /* Images.xcassets in Resources */ = {isa = PBXBuildFile; fileRef = 819CDD16194005ED0004769C /* Images.xcassets */; };
		819CDD1E194005ED0004769C /* XCTest.framework in Frameworks */ = {isa = PBXBuildFile; fileRef = 819CDD1D194005ED0004769C /* XCTest.framework */; };
		819CDD1F194005ED0004769C /* Foundation.framework in Frameworks */ = {isa = PBXBuildFile; fileRef = 819CDCFB194005ED0004769C /* Foundation.framework */; };
		819CDD20194005ED0004769C /* UIKit.framework in Frameworks */ = {isa = PBXBuildFile; fileRef = 819CDCFF194005ED0004769C /* UIKit.framework */; };
		819CDD28194005ED0004769C /* InfoPlist.strings in Resources */ = {isa = PBXBuildFile; fileRef = 819CDD26194005ED0004769C /* InfoPlist.strings */; };
		819CDD2A194005ED0004769C /* MiUniversalAppTests.m in Sources */ = {isa = PBXBuildFile; fileRef = 819CDD29194005ED0004769C /* MiUniversalAppTests.m */; };
/* End PBXBuildFile section */

/* Begin PBXContainerItemProxy section */
		819CDD21194005ED0004769C /* PBXContainerItemProxy */ = {
			isa = PBXContainerItemProxy;
			containerPortal = 819CDCF0194005ED0004769C /* Project object */;
			proxyType = 1;
			remoteGlobalIDString = 819CDCF7194005ED0004769C;
			remoteInfo = MiUniversalApp;
		};
/* End PBXContainerItemProxy section */

/* Begin PBXFileReference section */
		819CDCF8194005ED0004769C /* MiUniversalApp.app */ = {isa = PBXFileReference; explicitFileType = wrapper.application; includeInIndex = 0; path = MiUniversalApp.app; sourceTree = BUILT_PRODUCTS_DIR; };
		819CDCFB194005ED0004769C /* Foundation.framework */ = {isa = PBXFileReference; lastKnownFileType = wrapper.framework; name = Foundation.framework; path = System/Library/Frameworks/Foundation.framework; sourceTree = SDKROOT; };
		819CDCFD194005ED0004769C /* CoreGraphics.framework */ = {isa = PBXFileReference; lastKnownFileType = wrapper.framework; name = CoreGraphics.framework; path = System/Library/Frameworks/CoreGraphics.framework; sourceTree = SDKROOT; };
		819CDCFF194005ED0004769C /* UIKit.framework */ = {isa = PBXFileReference; lastKnownFileType = wrapper.framework; name = UIKit.framework; path = System/Library/Frameworks/UIKit.framework; sourceTree = SDKROOT; };
		819CDD03194005ED0004769C /* MiUniversalApp-Info.plist */ = {isa = PBXFileReference; lastKnownFileType = text.plist.xml; path = "MiUniversalApp-Info.plist"; sourceTree = "<group>"; };
		819CDD05194005ED0004769C /* en */ = {isa = PBXFileReference; lastKnownFileType = text.plist.strings; name = en; path = en.lproj/InfoPlist.strings; sourceTree = "<group>"; };
		819CDD07194005ED0004769C /* main.m */ = {isa = PBXFileReference; lastKnownFileType = sourcecode.c.objc; path = main.m; sourceTree = "<group>"; };
		819CDD09194005ED0004769C /* MiUniversalApp-Prefix.pch */ = {isa = PBXFileReference; lastKnownFileType = sourcecode.c.h; path = "MiUniversalApp-Prefix.pch"; sourceTree = "<group>"; };
		819CDD0A194005ED0004769C /* AppDelegate.h */ = {isa = PBXFileReference; lastKnownFileType = sourcecode.c.h; path = AppDelegate.h; sourceTree = "<group>"; };
		819CDD0B194005ED0004769C /* AppDelegate.m */ = {isa = PBXFileReference; lastKnownFileType = sourcecode.c.objc; path = AppDelegate.m; sourceTree = "<group>"; };
		819CDD0E194005ED0004769C /* Base */ = {isa = PBXFileReference; lastKnownFileType = file.storyboard; name = Base; path = Base.lproj/Main_iPhone.storyboard; sourceTree = "<group>"; };
		819CDD11194005ED0004769C /* Base */ = {isa = PBXFileReference; lastKnownFileType = file.storyboard; name = Base; path = Base.lproj/Main_iPad.storyboard; sourceTree = "<group>"; };
		819CDD13194005ED0004769C /* ViewController.h */ = {isa = PBXFileReference; lastKnownFileType = sourcecode.c.h; path = ViewController.h; sourceTree = "<group>"; };
		819CDD14194005ED0004769C /* ViewController.m */ = {isa = PBXFileReference; lastKnownFileType = sourcecode.c.objc; path = ViewController.m; sourceTree = "<group>"; };
		819CDD16194005ED0004769C /* Images.xcassets */ = {isa = PBXFileReference; lastKnownFileType = folder.assetcatalog; path = Images.xcassets; sourceTree = "<group>"; };
		819CDD1C194005ED0004769C /* MiUniversalAppTests.xctest */ = {isa = PBXFileReference; explicitFileType = wrapper.cfbundle; includeInIndex = 0; path = MiUniversalAppTests.xctest; sourceTree = BUILT_PRODUCTS_DIR; };
		819CDD1D194005ED0004769C /* XCTest.framework */ = {isa = PBXFileReference; lastKnownFileType = wrapper.framework; name = XCTest.framework; path = Library/Frameworks/XCTest.framework; sourceTree = DEVELOPER_DIR; };
		819CDD25194005ED0004769C /* MiUniversalAppTests-Info.plist */ = {isa = PBXFileReference; lastKnownFileType = text.plist.xml; path = "MiUniversalAppTests-Info.plist"; sourceTree = "<group>"; };
		819CDD27194005ED0004769C /* en */ = {isa = PBXFileReference; lastKnownFileType = text.plist.strings; name = en; path = en.lproj/InfoPlist.strings; sourceTree = "<group>"; };
		819CDD29194005ED0004769C /* MiUniversalAppTests.m */ = {isa = PBXFileReference; lastKnownFileType = sourcecode.c.objc; path = MiUniversalAppTests.m; sourceTree = "<group>"; };
/* End PBXFileReference section */

/* Begin PBXFrameworksBuildPhase section */
		819CDCF5194005ED0004769C /* Frameworks */ = {
			isa = PBXFrameworksBuildPhase;
			buildActionMask = 2147483647;
			files = (
				819CDCFE194005ED0004769C /* CoreGraphics.framework in Frameworks */,
				819CDD00194005ED0004769C /* UIKit.framework in Frameworks */,
				819CDCFC194005ED0004769C /* Foundation.framework in Frameworks */,
			);
			runOnlyForDeploymentPostprocessing = 0;
		};
		819CDD19194005ED0004769C /* Frameworks */ = {
			isa = PBXFrameworksBuildPhase;
			buildActionMask = 2147483647;
			files = (
				819CDD1E194005ED0004769C /* XCTest.framework in Frameworks */,
				819CDD20194005ED0004769C /* UIKit.framework in Frameworks */,
				819CDD1F194005ED0004769C /* Foundation.framework in Frameworks */,
			);
			runOnlyForDeploymentPostprocessing = 0;
		};
/* End PBXFrameworksBuildPhase section */

/* Begin PBXGroup section */
		819CDCEF194005ED0004769C = {
			isa = PBXGroup;
			children = (
				819CDD01194005ED0004769C /* MiUniversalApp */,
				819CDD23194005ED0004769C /* MiUniversalAppTests */,
				819CDCFA194005ED0004769C /* Frameworks */,
				819CDCF9194005ED0004769C /* Products */,
			);
			sourceTree = "<group>";
		};
		819CDCF9194005ED0004769C /* Products */ = {
			isa = PBXGroup;
			children = (
				819CDCF8194005ED0004769C /* MiUniversalApp.app */,
				819CDD1C194005ED0004769C /* MiUniversalAppTests.xctest */,
			);
			name = Products;
			sourceTree = "<group>";
		};
		819CDCFA194005ED0004769C /* Frameworks */ = {
			isa = PBXGroup;
			children = (
				819CDCFB194005ED0004769C /* Foundation.framework */,
				819CDCFD194005ED0004769C /* CoreGraphics.framework */,
				819CDCFF194005ED0004769C /* UIKit.framework */,
				819CDD1D194005ED0004769C /* XCTest.framework */,
			);
			name = Frameworks;
			sourceTree = "<group>";
		};
		819CDD01194005ED0004769C /* MiUniversalApp */ = {
			isa = PBXGroup;
			children = (
				819CDD0A194005ED0004769C /* AppDelegate.h */,
				819CDD0B194005ED0004769C /* AppDelegate.m */,
				819CDD0D194005ED0004769C /* Main_iPhone.storyboard */,
				819CDD10194005ED0004769C /* Main_iPad.storyboard */,
				819CDD13194005ED0004769C /* ViewController.h */,
				819CDD14194005ED0004769C /* ViewController.m */,
				819CDD16194005ED0004769C /* Images.xcassets */,
				819CDD02194005ED0004769C /* Supporting Files */,
			);
			path = MiUniversalApp;
			sourceTree = "<group>";
		};
		819CDD02194005ED0004769C /* Supporting Files */ = {
			isa = PBXGroup;
			children = (
				819CDD03194005ED0004769C /* MiUniversalApp-Info.plist */,
				819CDD04194005ED0004769C /* InfoPlist.strings */,
				819CDD07194005ED0004769C /* main.m */,
				819CDD09194005ED0004769C /* MiUniversalApp-Prefix.pch */,
			);
			name = "Supporting Files";
			sourceTree = "<group>";
		};
		819CDD23194005ED0004769C /* MiUniversalAppTests */ = {
			isa = PBXGroup;
			children = (
				819CDD29194005ED0004769C /* MiUniversalAppTests.m */,
				819CDD24194005ED0004769C /* Supporting Files */,
			);
			path = MiUniversalAppTests;
			sourceTree = "<group>";
		};
		819CDD24194005ED0004769C /* Supporting Files */ = {
			isa = PBXGroup;
			children = (
				819CDD25194005ED0004769C /* MiUniversalAppTests-Info.plist */,
				819CDD26194005ED0004769C /* InfoPlist.strings */,
			);
			name = "Supporting Files";
			sourceTree = "<group>";
		};
/* End PBXGroup section */

/* Begin PBXNativeTarget section */
		819CDCF7194005ED0004769C /* MiUniversalApp */ = {
			isa = PBXNativeTarget;
			buildConfigurationList = 819CDD2D194005ED0004769C /* Build configuration list for PBXNativeTarget "MiUniversalApp" */;
			buildPhases = (
				819CDCF4194005ED0004769C /* Sources */,
				819CDCF5194005ED0004769C /* Frameworks */,
				819CDCF6194005ED0004769C /* Resources */,
			);
			buildRules = (
			);
			dependencies = (
			);
			name = MiUniversalApp;
			productName = MiUniversalApp;
			productReference = 819CDCF8194005ED0004769C /* MiUniversalApp.app */;
			productType = "com.apple.product-type.application";
		};
		819CDD1B194005ED0004769C /* MiUniversalAppTests */ = {
			isa = PBXNativeTarget;
			buildConfigurationList = 819CDD30194005ED0004769C /* Build configuration list for PBXNativeTarget "MiUniversalAppTests" */;
			buildPhases = (
				819CDD18194005ED0004769C /* Sources */,
				819CDD19194005ED0004769C /* Frameworks */,
				819CDD1A194005ED0004769C /* Resources */,
			);
			buildRules = (
			);
			dependencies = (
				819CDD22194005ED0004769C /* PBXTargetDependency */,
			);
			name = MiUniversalAppTests;
			productName = MiUniversalAppTests;
			productReference = 819CDD1C194005ED0004769C /* MiUniversalAppTests.xctest */;
			productType = "com.apple.product-type.bundle.unit-test";
		};
/* End PBXNativeTarget section */

/* Begin PBXProject section */
		819CDCF0194005ED0004769C /* Project object */ = {
			isa = PBXProject;
			attributes = {
				LastUpgradeCheck = 0500;
				ORGANIZATIONNAME = Area51;
				TargetAttributes = {
					819CDD1B194005ED0004769C = {
						TestTargetID = 819CDCF7194005ED0004769C;
					};
				};
			};
			buildConfigurationList = 819CDCF3194005ED0004769C /* Build configuration list for PBXProject "MiUniversalApp" */;
			compatibilityVersion = "Xcode 3.2";
			developmentRegion = English;
			hasScannedForEncodings = 0;
			knownRegions = (
				en,
				Base,
			);
			mainGroup = 819CDCEF194005ED0004769C;
			productRefGroup = 819CDCF9194005ED0004769C /* Products */;
			projectDirPath = "";
			projectRoot = "";
			targets = (
				819CDCF7194005ED0004769C /* MiUniversalApp */,
				819CDD1B194005ED0004769C /* MiUniversalAppTests */,
			);
		};
/* End PBXProject section */

/* Begin PBXResourcesBuildPhase section */
		819CDCF6194005ED0004769C /* Resources */ = {
			isa = PBXResourcesBuildPhase;
			buildActionMask = 2147483647;
			files = (
				819CDD12194005ED0004769C /* Main_iPad.storyboard in Resources */,
				819CDD17194005ED0004769C /* Images.xcassets in Resources */,
				819CDD0F194005ED0004769C /* Main_iPhone.storyboard in Resources */,
				819CDD06194005ED0004769C /* InfoPlist.strings in Resources */,
			);
			runOnlyForDeploymentPostprocessing = 0;
		};
		819CDD1A194005ED0004769C /* Resources */ = {
			isa = PBXResourcesBuildPhase;
			buildActionMask = 2147483647;
			files = (
				819CDD28194005ED0004769C /* InfoPlist.strings in Resources */,
			);
			runOnlyForDeploymentPostprocessing = 0;
		};
/* End PBXResourcesBuildPhase section */

/* Begin PBXSourcesBuildPhase section */
		819CDCF4194005ED0004769C /* Sources */ = {
			isa = PBXSourcesBuildPhase;
			buildActionMask = 2147483647;
			files = (
				819CDD15194005ED0004769C /* ViewController.m in Sources */,
				819CDD0C194005ED0004769C /* AppDelegate.m in Sources */,
				819CDD08194005ED0004769C /* main.m in Sources */,
			);
			runOnlyForDeploymentPostprocessing = 0;
		};
		819CDD18194005ED0004769C /* Sources */ = {
			isa = PBXSourcesBuildPhase;
			buildActionMask = 2147483647;
			files = (
				819CDD2A194005ED0004769C /* MiUniversalAppTests.m in Sources */,
			);
			runOnlyForDeploymentPostprocessing = 0;
		};
/* End PBXSourcesBuildPhase section */

/* Begin PBXTargetDependency section */
		819CDD22194005ED0004769C /* PBXTargetDependency */ = {
			isa = PBXTargetDependency;
			target = 819CDCF7194005ED0004769C /* MiUniversalApp */;
			targetProxy = 819CDD21194005ED0004769C /* PBXContainerItemProxy */;
		};
/* End PBXTargetDependency section */

/* Begin PBXVariantGroup section */
		819CDD04194005ED0004769C /* InfoPlist.strings */ = {
			isa = PBXVariantGroup;
			children = (
				819CDD05194005ED0004769C /* en */,
			);
			name = InfoPlist.strings;
			sourceTree = "<group>";
		};
		819CDD0D194005ED0004769C /* Main_iPhone.storyboard */ = {
			isa = PBXVariantGroup;
			children = (
				819CDD0E194005ED0004769C /* Base */,
			);
			name = Main_iPhone.storyboard;
			sourceTree = "<group>";
		};
		819CDD10194005ED0004769C /* Main_iPad.storyboard */ = {
			isa = PBXVariantGroup;
			children = (
				819CDD11194005ED0004769C /* Base */,
			);
			name = Main_iPad.storyboard;
			sourceTree = "<group>";
		};
		819CDD26194005ED0004769C /* InfoPlist.strings */ = {
			isa = PBXVariantGroup;
			children = (
				819CDD27194005ED0004769C /* en */,
			);
			name = InfoPlist.strings;
			sourceTree = "<group>";
		};
/* End PBXVariantGroup section */

/* Begin XCBuildConfiguration section */
		819CDD2B194005ED0004769C /* Debug */ = {
			isa = XCBuildConfiguration;
			buildSettings = {
				ALWAYS_SEARCH_USER_PATHS = NO;
				ARCHS = "$(ARCHS_STANDARD_INCLUDING_64_BIT)";
				CLANG_CXX_LANGUAGE_STANDARD = "gnu++0x";
				CLANG_CXX_LIBRARY = "libc++";
				CLANG_ENABLE_MODULES = YES;
				CLANG_ENABLE_OBJC_ARC = YES;
				CLANG_WARN_BOOL_CONVERSION = YES;
				CLANG_WARN_CONSTANT_CONVERSION = YES;
				CLANG_WARN_DIRECT_OBJC_ISA_USAGE = YES_ERROR;
				CLANG_WARN_EMPTY_BODY = YES;
				CLANG_WARN_ENUM_CONVERSION = YES;
				CLANG_WARN_INT_CONVERSION = YES;
				CLANG_WARN_OBJC_ROOT_CLASS = YES_ERROR;
				CLANG_WARN__DUPLICATE_METHOD_MATCH = YES;
				"CODE_SIGN_IDENTITY[sdk=iphoneos*]" = "iPhone Developer";
				COPY_PHASE_STRIP = NO;
				GCC_C_LANGUAGE_STANDARD = gnu99;
				GCC_DYNAMIC_NO_PIC = NO;
				GCC_OPTIMIZATION_LEVEL = 0;
				GCC_PREPROCESSOR_DEFINITIONS = (
					"DEBUG=1",
					"$(inherited)",
				);
				GCC_SYMBOLS_PRIVATE_EXTERN = NO;
				GCC_WARN_64_TO_32_BIT_CONVERSION = YES;
				GCC_WARN_ABOUT_RETURN_TYPE = YES_ERROR;
				GCC_WARN_UNDECLARED_SELECTOR = YES;
				GCC_WARN_UNINITIALIZED_AUTOS = YES;
				GCC_WARN_UNUSED_FUNCTION = YES;
				GCC_WARN_UNUSED_VARIABLE = YES;
				IPHONEOS_DEPLOYMENT_TARGET = 7.0;
				ONLY_ACTIVE_ARCH = YES;
				SDKROOT = iphoneos;
				TARGETED_DEVICE_FAMILY = "1,2";
			};
			name = Debug;
		};
		819CDD2C194005ED0004769C /* Release */ = {
			isa = XCBuildConfiguration;
			buildSettings = {
				ALWAYS_SEARCH_USER_PATHS = NO;
				ARCHS = "$(ARCHS_STANDARD_INCLUDING_64_BIT)";
				CLANG_CXX_LANGUAGE_STANDARD = "gnu++0x";
				CLANG_CXX_LIBRARY = "libc++";
				CLANG_ENABLE_MODULES = YES;
				CLANG_ENABLE_OBJC_ARC = YES;
				CLANG_WARN_BOOL_CONVERSION = YES;
				CLANG_WARN_CONSTANT_CONVERSION = YES;
				CLANG_WARN_DIRECT_OBJC_ISA_USAGE = YES_ERROR;
				CLANG_WARN_EMPTY_BODY = YES;
				CLANG_WARN_ENUM_CONVERSION = YES;
				CLANG_WARN_INT_CONVERSION = YES;
				CLANG_WARN_OBJC_ROOT_CLASS = YES_ERROR;
				CLANG_WARN__DUPLICATE_METHOD_MATCH = YES;
				"CODE_SIGN_IDENTITY[sdk=iphoneos*]" = "iPhone Developer";
				COPY_PHASE_STRIP = YES;
				ENABLE_NS_ASSERTIONS = NO;
				GCC_C_LANGUAGE_STANDARD = gnu99;
				GCC_WARN_64_TO_32_BIT_CONVERSION = YES;
				GCC_WARN_ABOUT_RETURN_TYPE = YES_ERROR;
				GCC_WARN_UNDECLARED_SELECTOR = YES;
				GCC_WARN_UNINITIALIZED_AUTOS = YES;
				GCC_WARN_UNUSED_FUNCTION = YES;
				GCC_WARN_UNUSED_VARIABLE = YES;
				IPHONEOS_DEPLOYMENT_TARGET = 7.0;
				SDKROOT = iphoneos;
				TARGETED_DEVICE_FAMILY = "1,2";
				VALIDATE_PRODUCT = YES;
			};
			name = Release;
		};
		819CDD2E194005ED0004769C /* Debug */ = {
			isa = XCBuildConfiguration;
			buildSettings = {
				ASSETCATALOG_COMPILER_APPICON_NAME = AppIcon;
				ASSETCATALOG_COMPILER_LAUNCHIMAGE_NAME = LaunchImage;
				GCC_PRECOMPILE_PREFIX_HEADER = YES;
				GCC_PREFIX_HEADER = "MiUniversalApp/MiUniversalApp-Prefix.pch";
				INFOPLIST_FILE = "MiUniversalApp/MiUniversalApp-Info.plist";
				PRODUCT_NAME = "$(TARGET_NAME)";
				WRAPPER_EXTENSION = app;
			};
			name = Debug;
		};
		819CDD2F194005ED0004769C /* Release */ = {
			isa = XCBuildConfiguration;
			buildSettings = {
				ASSETCATALOG_COMPILER_APPICON_NAME = AppIcon;
				ASSETCATALOG_COMPILER_LAUNCHIMAGE_NAME = LaunchImage;
				GCC_PRECOMPILE_PREFIX_HEADER = YES;
				GCC_PREFIX_HEADER = "MiUniversalApp/MiUniversalApp-Prefix.pch";
				INFOPLIST_FILE = "MiUniversalApp/MiUniversalApp-Info.plist";
				PRODUCT_NAME = "$(TARGET_NAME)";
				WRAPPER_EXTENSION = app;
			};
			name = Release;
		};
		819CDD31194005ED0004769C /* Debug */ = {
			isa = XCBuildConfiguration;
			buildSettings = {
				ARCHS = "$(ARCHS_STANDARD_INCLUDING_64_BIT)";
				BUNDLE_LOADER = "$(BUILT_PRODUCTS_DIR)/MiUniversalApp.app/MiUniversalApp";
				FRAMEWORK_SEARCH_PATHS = (
					"$(SDKROOT)/Developer/Library/Frameworks",
					"$(inherited)",
					"$(DEVELOPER_FRAMEWORKS_DIR)",
				);
				GCC_PRECOMPILE_PREFIX_HEADER = YES;
				GCC_PREFIX_HEADER = "MiUniversalApp/MiUniversalApp-Prefix.pch";
				GCC_PREPROCESSOR_DEFINITIONS = (
					"DEBUG=1",
					"$(inherited)",
				);
				INFOPLIST_FILE = "MiUniversalAppTests/MiUniversalAppTests-Info.plist";
				PRODUCT_NAME = "$(TARGET_NAME)";
				TEST_HOST = "$(BUNDLE_LOADER)";
				WRAPPER_EXTENSION = xctest;
			};
			name = Debug;
		};
		819CDD32194005ED0004769C /* Release */ = {
			isa = XCBuildConfiguration;
			buildSettings = {
				ARCHS = "$(ARCHS_STANDARD_INCLUDING_64_BIT)";
				BUNDLE_LOADER = "$(BUILT_PRODUCTS_DIR)/MiUniversalApp.app/MiUniversalApp";
				FRAMEWORK_SEARCH_PATHS = (
					"$(SDKROOT)/Developer/Library/Frameworks",
					"$(inherited)",
					"$(DEVELOPER_FRAMEWORKS_DIR)",
				);
				GCC_PRECOMPILE_PREFIX_HEADER = YES;
				GCC_PREFIX_HEADER = "MiUniversalApp/MiUniversalApp-Prefix.pch";
				INFOPLIST_FILE = "MiUniversalAppTests/MiUniversalAppTests-Info.plist";
				PRODUCT_NAME = "$(TARGET_NAME)";
				TEST_HOST = "$(BUNDLE_LOADER)";
				WRAPPER_EXTENSION = xctest;
			};
			name = Release;
		};
/* End XCBuildConfiguration section */

/* Begin XCConfigurationList section */
		819CDCF3194005ED0004769C /* Build configuration list for PBXProject "MiUniversalApp" */ = {
			isa = XCConfigurationList;
			buildConfigurations = (
				819CDD2B194005ED0004769C /* Debug */,
				819CDD2C194005ED0004769C /* Release */,
			);
			defaultConfigurationIsVisible = 0;
			defaultConfigurationName = Release;
		};
		819CDD2D194005ED0004769C /* Build configuration list for PBXNativeTarget "MiUniversalApp" */ = {
			isa = XCConfigurationList;
			buildConfigurations = (
				819CDD2E194005ED0004769C /* Debug */,
				819CDD2F194005ED0004769C /* Release */,
			);
			defaultConfigurationIsVisible = 0;
		};
		819CDD30194005ED0004769C /* Build configuration list for PBXNativeTarget "MiUniversalAppTests" */ = {
			isa = XCConfigurationList;
			buildConfigurations = (
				819CDD31194005ED0004769C /* Debug */,
				819CDD32194005ED0004769C /* Release */,
			);
			defaultConfigurationIsVisible = 0;
		};
/* End XCConfigurationList section */
	};
	rootObject = 819CDCF0194005ED0004769C /* Project object */;
}
